// !$*UTF8*$!
{
	archiveVersion = 1;
	classes = {
	};
	objectVersion = 46;
	objects = {

/* Begin PBXBuildFile section */
		C50CCB231D0EA0AB002C87B7 /* drCharts.h in Headers */ = {isa = PBXBuildFile; fileRef = C50CCB221D0EA0AB002C87B7 /* drCharts.h */; settings = {ATTRIBUTES = (Public, ); }; };
		C50CCB2A1D0EA0AB002C87B7 /* drCharts.framework in Frameworks */ = {isa = PBXBuildFile; fileRef = C50CCB1F1D0EA0AB002C87B7 /* drCharts.framework */; };
		C50CCB2F1D0EA0AB002C87B7 /* drChartsTests.m in Sources */ = {isa = PBXBuildFile; fileRef = C50CCB2E1D0EA0AB002C87B7 /* drChartsTests.m */; };
		C50CCB521D0EA0D3002C87B7 /* BarChart.h in Headers */ = {isa = PBXBuildFile; fileRef = C50CCB3B1D0EA0D3002C87B7 /* BarChart.h */; };
		C50CCB531D0EA0D3002C87B7 /* BarChart.m in Sources */ = {isa = PBXBuildFile; fileRef = C50CCB3C1D0EA0D3002C87B7 /* BarChart.m */; };
		C50CCB541D0EA0D3002C87B7 /* CircularChart.h in Headers */ = {isa = PBXBuildFile; fileRef = C50CCB3E1D0EA0D3002C87B7 /* CircularChart.h */; };
		C50CCB551D0EA0D3002C87B7 /* CircularChart.m in Sources */ = {isa = PBXBuildFile; fileRef = C50CCB3F1D0EA0D3002C87B7 /* CircularChart.m */; };
		C50CCB561D0EA0D3002C87B7 /* DrConstants.h in Headers */ = {isa = PBXBuildFile; fileRef = C50CCB401D0EA0D3002C87B7 /* DrConstants.h */; };
		C50CCB571D0EA0D3002C87B7 /* DrGraphs.h in Headers */ = {isa = PBXBuildFile; fileRef = C50CCB411D0EA0D3002C87B7 /* DrGraphs.h */; };
		C50CCB581D0EA0D3002C87B7 /* DRScrollView.h in Headers */ = {isa = PBXBuildFile; fileRef = C50CCB421D0EA0D3002C87B7 /* DRScrollView.h */; };
		C50CCB591D0EA0D3002C87B7 /* DRScrollView.m in Sources */ = {isa = PBXBuildFile; fileRef = C50CCB431D0EA0D3002C87B7 /* DRScrollView.m */; };
		C50CCB5A1D0EA0D3002C87B7 /* HorizontalStackBarChart.h in Headers */ = {isa = PBXBuildFile; fileRef = C50CCB451D0EA0D3002C87B7 /* HorizontalStackBarChart.h */; };
		C50CCB5B1D0EA0D3002C87B7 /* HorizontalStackBarChart.m in Sources */ = {isa = PBXBuildFile; fileRef = C50CCB461D0EA0D3002C87B7 /* HorizontalStackBarChart.m */; };
		C50CCB5C1D0EA0D3002C87B7 /* LegendView.h in Headers */ = {isa = PBXBuildFile; fileRef = C50CCB481D0EA0D3002C87B7 /* LegendView.h */; };
		C50CCB5D1D0EA0D3002C87B7 /* LegendView.m in Sources */ = {isa = PBXBuildFile; fileRef = C50CCB491D0EA0D3002C87B7 /* LegendView.m */; };
		C50CCB5E1D0EA0D3002C87B7 /* LineGraphMarker.h in Headers */ = {isa = PBXBuildFile; fileRef = C50CCB4B1D0EA0D3002C87B7 /* LineGraphMarker.h */; };
		C50CCB5F1D0EA0D3002C87B7 /* LineGraphMarker.m in Sources */ = {isa = PBXBuildFile; fileRef = C50CCB4C1D0EA0D3002C87B7 /* LineGraphMarker.m */; };
		C50CCB601D0EA0D3002C87B7 /* MultiLineGraphView.h in Headers */ = {isa = PBXBuildFile; fileRef = C50CCB4D1D0EA0D3002C87B7 /* MultiLineGraphView.h */; };
		C50CCB611D0EA0D3002C87B7 /* MultiLineGraphView.m in Sources */ = {isa = PBXBuildFile; fileRef = C50CCB4E1D0EA0D3002C87B7 /* MultiLineGraphView.m */; };
		C50CCB621D0EA0D3002C87B7 /* PieChart.h in Headers */ = {isa = PBXBuildFile; fileRef = C50CCB501D0EA0D3002C87B7 /* PieChart.h */; };
		C50CCB631D0EA0D3002C87B7 /* PieChart.m in Sources */ = {isa = PBXBuildFile; fileRef = C50CCB511D0EA0D3002C87B7 /* PieChart.m */; };
/* End PBXBuildFile section */

/* Begin PBXContainerItemProxy section */
		C50CCB2B1D0EA0AB002C87B7 /* PBXContainerItemProxy */ = {
			isa = PBXContainerItemProxy;
			containerPortal = C50CCB161D0EA0AB002C87B7 /* Project object */;
			proxyType = 1;
			remoteGlobalIDString = C50CCB1E1D0EA0AB002C87B7;
			remoteInfo = "dr-Charts";
		};
/* End PBXContainerItemProxy section */

/* Begin PBXFileReference section */
		C50CCB1F1D0EA0AB002C87B7 /* drCharts.framework */ = {isa = PBXFileReference; explicitFileType = wrapper.framework; includeInIndex = 0; path = drCharts.framework; sourceTree = BUILT_PRODUCTS_DIR; };
		C50CCB221D0EA0AB002C87B7 /* drCharts.h */ = {isa = PBXFileReference; lastKnownFileType = sourcecode.c.h; path = drCharts.h; sourceTree = "<group>"; };
		C50CCB241D0EA0AB002C87B7 /* Info.plist */ = {isa = PBXFileReference; lastKnownFileType = text.plist.xml; path = Info.plist; sourceTree = "<group>"; };
		C50CCB291D0EA0AB002C87B7 /* drCharts.xctest */ = {isa = PBXFileReference; explicitFileType = wrapper.cfbundle; includeInIndex = 0; path = drCharts.xctest; sourceTree = BUILT_PRODUCTS_DIR; };
		C50CCB2E1D0EA0AB002C87B7 /* drChartsTests.m */ = {isa = PBXFileReference; lastKnownFileType = sourcecode.c.objc; path = drChartsTests.m; sourceTree = "<group>"; };
		C50CCB301D0EA0AB002C87B7 /* Info.plist */ = {isa = PBXFileReference; lastKnownFileType = text.plist.xml; path = Info.plist; sourceTree = "<group>"; };
		C50CCB3B1D0EA0D3002C87B7 /* BarChart.h */ = {isa = PBXFileReference; fileEncoding = 4; lastKnownFileType = sourcecode.c.h; path = BarChart.h; sourceTree = "<group>"; };
		C50CCB3C1D0EA0D3002C87B7 /* BarChart.m */ = {isa = PBXFileReference; fileEncoding = 4; lastKnownFileType = sourcecode.c.objc; path = BarChart.m; sourceTree = "<group>"; };
		C50CCB3E1D0EA0D3002C87B7 /* CircularChart.h */ = {isa = PBXFileReference; fileEncoding = 4; lastKnownFileType = sourcecode.c.h; path = CircularChart.h; sourceTree = "<group>"; };
		C50CCB3F1D0EA0D3002C87B7 /* CircularChart.m */ = {isa = PBXFileReference; fileEncoding = 4; lastKnownFileType = sourcecode.c.objc; path = CircularChart.m; sourceTree = "<group>"; };
		C50CCB401D0EA0D3002C87B7 /* DrConstants.h */ = {isa = PBXFileReference; fileEncoding = 4; lastKnownFileType = sourcecode.c.h; path = DrConstants.h; sourceTree = "<group>"; };
		C50CCB411D0EA0D3002C87B7 /* DrGraphs.h */ = {isa = PBXFileReference; fileEncoding = 4; lastKnownFileType = sourcecode.c.h; path = DrGraphs.h; sourceTree = "<group>"; };
		C50CCB421D0EA0D3002C87B7 /* DRScrollView.h */ = {isa = PBXFileReference; fileEncoding = 4; lastKnownFileType = sourcecode.c.h; path = DRScrollView.h; sourceTree = "<group>"; };
		C50CCB431D0EA0D3002C87B7 /* DRScrollView.m */ = {isa = PBXFileReference; fileEncoding = 4; lastKnownFileType = sourcecode.c.objc; path = DRScrollView.m; sourceTree = "<group>"; };
		C50CCB451D0EA0D3002C87B7 /* HorizontalStackBarChart.h */ = {isa = PBXFileReference; fileEncoding = 4; lastKnownFileType = sourcecode.c.h; path = HorizontalStackBarChart.h; sourceTree = "<group>"; };
		C50CCB461D0EA0D3002C87B7 /* HorizontalStackBarChart.m */ = {isa = PBXFileReference; fileEncoding = 4; lastKnownFileType = sourcecode.c.objc; path = HorizontalStackBarChart.m; sourceTree = "<group>"; };
		C50CCB481D0EA0D3002C87B7 /* LegendView.h */ = {isa = PBXFileReference; fileEncoding = 4; lastKnownFileType = sourcecode.c.h; path = LegendView.h; sourceTree = "<group>"; };
		C50CCB491D0EA0D3002C87B7 /* LegendView.m */ = {isa = PBXFileReference; fileEncoding = 4; lastKnownFileType = sourcecode.c.objc; path = LegendView.m; sourceTree = "<group>"; };
		C50CCB4B1D0EA0D3002C87B7 /* LineGraphMarker.h */ = {isa = PBXFileReference; fileEncoding = 4; lastKnownFileType = sourcecode.c.h; path = LineGraphMarker.h; sourceTree = "<group>"; };
		C50CCB4C1D0EA0D3002C87B7 /* LineGraphMarker.m */ = {isa = PBXFileReference; fileEncoding = 4; lastKnownFileType = sourcecode.c.objc; path = LineGraphMarker.m; sourceTree = "<group>"; };
		C50CCB4D1D0EA0D3002C87B7 /* MultiLineGraphView.h */ = {isa = PBXFileReference; fileEncoding = 4; lastKnownFileType = sourcecode.c.h; path = MultiLineGraphView.h; sourceTree = "<group>"; };
		C50CCB4E1D0EA0D3002C87B7 /* MultiLineGraphView.m */ = {isa = PBXFileReference; fileEncoding = 4; lastKnownFileType = sourcecode.c.objc; path = MultiLineGraphView.m; sourceTree = "<group>"; };
		C50CCB501D0EA0D3002C87B7 /* PieChart.h */ = {isa = PBXFileReference; fileEncoding = 4; lastKnownFileType = sourcecode.c.h; path = PieChart.h; sourceTree = "<group>"; };
		C50CCB511D0EA0D3002C87B7 /* PieChart.m */ = {isa = PBXFileReference; fileEncoding = 4; lastKnownFileType = sourcecode.c.objc; path = PieChart.m; sourceTree = "<group>"; };
/* End PBXFileReference section */

/* Begin PBXFrameworksBuildPhase section */
		C50CCB1B1D0EA0AB002C87B7 /* Frameworks */ = {
			isa = PBXFrameworksBuildPhase;
			buildActionMask = 2147483647;
			files = (
			);
			runOnlyForDeploymentPostprocessing = 0;
		};
		C50CCB261D0EA0AB002C87B7 /* Frameworks */ = {
			isa = PBXFrameworksBuildPhase;
			buildActionMask = 2147483647;
			files = (
				C50CCB2A1D0EA0AB002C87B7 /* drCharts.framework in Frameworks */,
			);
			runOnlyForDeploymentPostprocessing = 0;
		};
/* End PBXFrameworksBuildPhase section */

/* Begin PBXGroup section */
		C50CCB151D0EA0AB002C87B7 = {
			isa = PBXGroup;
			children = (
				C50CCB211D0EA0AB002C87B7 /* drCharts */,
				C50CCB2D1D0EA0AB002C87B7 /* drChartsTests */,
				C50CCB201D0EA0AB002C87B7 /* Products */,
			);
			sourceTree = "<group>";
		};
		C50CCB201D0EA0AB002C87B7 /* Products */ = {
			isa = PBXGroup;
			children = (
				C50CCB1F1D0EA0AB002C87B7 /* drCharts.framework */,
				C50CCB291D0EA0AB002C87B7 /* drCharts.xctest */,
			);
			name = Products;
			sourceTree = "<group>";
		};
		C50CCB211D0EA0AB002C87B7 /* drCharts */ = {
			isa = PBXGroup;
			children = (
				C50CCB391D0EA0D3002C87B7 /* Classes */,
				C50CCB221D0EA0AB002C87B7 /* drCharts.h */,
				C50CCB241D0EA0AB002C87B7 /* Info.plist */,
			);
			name = drCharts;
			path = "dr-Charts";
			sourceTree = "<group>";
		};
		C50CCB2D1D0EA0AB002C87B7 /* drChartsTests */ = {
			isa = PBXGroup;
			children = (
				C50CCB2E1D0EA0AB002C87B7 /* drChartsTests.m */,
				C50CCB301D0EA0AB002C87B7 /* Info.plist */,
			);
			name = drChartsTests;
			path = "dr-ChartsTests";
			sourceTree = "<group>";
		};
		C50CCB391D0EA0D3002C87B7 /* Classes */ = {
			isa = PBXGroup;
			children = (
				C50CCB3A1D0EA0D3002C87B7 /* BarChart */,
				C50CCB3D1D0EA0D3002C87B7 /* CircularChart */,
				C50CCB401D0EA0D3002C87B7 /* DrConstants.h */,
				C50CCB411D0EA0D3002C87B7 /* DrGraphs.h */,
				C50CCB421D0EA0D3002C87B7 /* DRScrollView.h */,
				C50CCB431D0EA0D3002C87B7 /* DRScrollView.m */,
				C50CCB441D0EA0D3002C87B7 /* HorizontalStackChart */,
				C50CCB471D0EA0D3002C87B7 /* Legend */,
				C50CCB4A1D0EA0D3002C87B7 /* LineChart */,
				C50CCB4F1D0EA0D3002C87B7 /* PieChart */,
			);
			path = Classes;
			sourceTree = "<group>";
		};
		C50CCB3A1D0EA0D3002C87B7 /* BarChart */ = {
			isa = PBXGroup;
			children = (
				C50CCB3B1D0EA0D3002C87B7 /* BarChart.h */,
				C50CCB3C1D0EA0D3002C87B7 /* BarChart.m */,
			);
			path = BarChart;
			sourceTree = "<group>";
		};
		C50CCB3D1D0EA0D3002C87B7 /* CircularChart */ = {
			isa = PBXGroup;
			children = (
				C50CCB3E1D0EA0D3002C87B7 /* CircularChart.h */,
				C50CCB3F1D0EA0D3002C87B7 /* CircularChart.m */,
			);
			path = CircularChart;
			sourceTree = "<group>";
		};
		C50CCB441D0EA0D3002C87B7 /* HorizontalStackChart */ = {
			isa = PBXGroup;
			children = (
				C50CCB451D0EA0D3002C87B7 /* HorizontalStackBarChart.h */,
				C50CCB461D0EA0D3002C87B7 /* HorizontalStackBarChart.m */,
			);
			path = HorizontalStackChart;
			sourceTree = "<group>";
		};
		C50CCB471D0EA0D3002C87B7 /* Legend */ = {
			isa = PBXGroup;
			children = (
				C50CCB481D0EA0D3002C87B7 /* LegendView.h */,
				C50CCB491D0EA0D3002C87B7 /* LegendView.m */,
			);
			path = Legend;
			sourceTree = "<group>";
		};
		C50CCB4A1D0EA0D3002C87B7 /* LineChart */ = {
			isa = PBXGroup;
			children = (
				C50CCB4B1D0EA0D3002C87B7 /* LineGraphMarker.h */,
				C50CCB4C1D0EA0D3002C87B7 /* LineGraphMarker.m */,
				C50CCB4D1D0EA0D3002C87B7 /* MultiLineGraphView.h */,
				C50CCB4E1D0EA0D3002C87B7 /* MultiLineGraphView.m */,
			);
			path = LineChart;
			sourceTree = "<group>";
		};
		C50CCB4F1D0EA0D3002C87B7 /* PieChart */ = {
			isa = PBXGroup;
			children = (
				C50CCB501D0EA0D3002C87B7 /* PieChart.h */,
				C50CCB511D0EA0D3002C87B7 /* PieChart.m */,
			);
			path = PieChart;
			sourceTree = "<group>";
		};
/* End PBXGroup section */

/* Begin PBXHeadersBuildPhase section */
		C50CCB1C1D0EA0AB002C87B7 /* Headers */ = {
			isa = PBXHeadersBuildPhase;
			buildActionMask = 2147483647;
			files = (
				C50CCB601D0EA0D3002C87B7 /* MultiLineGraphView.h in Headers */,
				C50CCB581D0EA0D3002C87B7 /* DRScrollView.h in Headers */,
				C50CCB5E1D0EA0D3002C87B7 /* LineGraphMarker.h in Headers */,
				C50CCB541D0EA0D3002C87B7 /* CircularChart.h in Headers */,
				C50CCB571D0EA0D3002C87B7 /* DrGraphs.h in Headers */,
				C50CCB621D0EA0D3002C87B7 /* PieChart.h in Headers */,
				C50CCB231D0EA0AB002C87B7 /* drCharts.h in Headers */,
				C50CCB5C1D0EA0D3002C87B7 /* LegendView.h in Headers */,
				C50CCB5A1D0EA0D3002C87B7 /* HorizontalStackBarChart.h in Headers */,
				C50CCB561D0EA0D3002C87B7 /* DrConstants.h in Headers */,
				C50CCB521D0EA0D3002C87B7 /* BarChart.h in Headers */,
			);
			runOnlyForDeploymentPostprocessing = 0;
		};
/* End PBXHeadersBuildPhase section */

/* Begin PBXNativeTarget section */
		C50CCB1E1D0EA0AB002C87B7 /* drCharts */ = {
			isa = PBXNativeTarget;
			buildConfigurationList = C50CCB331D0EA0AB002C87B7 /* Build configuration list for PBXNativeTarget "drCharts" */;
			buildPhases = (
				C50CCB1A1D0EA0AB002C87B7 /* Sources */,
				C50CCB1B1D0EA0AB002C87B7 /* Frameworks */,
				C50CCB1C1D0EA0AB002C87B7 /* Headers */,
				C50CCB1D1D0EA0AB002C87B7 /* Resources */,
			);
			buildRules = (
			);
			dependencies = (
			);
			name = drCharts;
			productName = "dr-Charts";
			productReference = C50CCB1F1D0EA0AB002C87B7 /* drCharts.framework */;
			productType = "com.apple.product-type.framework";
		};
		C50CCB281D0EA0AB002C87B7 /* drChartsTests */ = {
			isa = PBXNativeTarget;
			buildConfigurationList = C50CCB361D0EA0AB002C87B7 /* Build configuration list for PBXNativeTarget "drChartsTests" */;
			buildPhases = (
				C50CCB251D0EA0AB002C87B7 /* Sources */,
				C50CCB261D0EA0AB002C87B7 /* Frameworks */,
				C50CCB271D0EA0AB002C87B7 /* Resources */,
			);
			buildRules = (
			);
			dependencies = (
				C50CCB2C1D0EA0AB002C87B7 /* PBXTargetDependency */,
			);
			name = drChartsTests;
			productName = "dr-ChartsTests";
			productReference = C50CCB291D0EA0AB002C87B7 /* drCharts.xctest */;
			productType = "com.apple.product-type.bundle.unit-test";
		};
/* End PBXNativeTarget section */

/* Begin PBXProject section */
		C50CCB161D0EA0AB002C87B7 /* Project object */ = {
			isa = PBXProject;
			attributes = {
				LastUpgradeCheck = 0730;
				ORGANIZATIONNAME = Product;
				TargetAttributes = {
					C50CCB1E1D0EA0AB002C87B7 = {
						CreatedOnToolsVersion = 7.3.1;
					};
					C50CCB281D0EA0AB002C87B7 = {
						CreatedOnToolsVersion = 7.3.1;
					};
				};
			};
			buildConfigurationList = C50CCB191D0EA0AB002C87B7 /* Build configuration list for PBXProject "drCharts" */;
			compatibilityVersion = "Xcode 3.2";
			developmentRegion = English;
			hasScannedForEncodings = 0;
			knownRegions = (
				en,
			);
			mainGroup = C50CCB151D0EA0AB002C87B7;
			productRefGroup = C50CCB201D0EA0AB002C87B7 /* Products */;
			projectDirPath = "";
			projectRoot = "";
			targets = (
				C50CCB1E1D0EA0AB002C87B7 /* drCharts */,
				C50CCB281D0EA0AB002C87B7 /* drChartsTests */,
			);
		};
/* End PBXProject section */

/* Begin PBXResourcesBuildPhase section */
		C50CCB1D1D0EA0AB002C87B7 /* Resources */ = {
			isa = PBXResourcesBuildPhase;
			buildActionMask = 2147483647;
			files = (
			);
			runOnlyForDeploymentPostprocessing = 0;
		};
		C50CCB271D0EA0AB002C87B7 /* Resources */ = {
			isa = PBXResourcesBuildPhase;
			buildActionMask = 2147483647;
			files = (
			);
			runOnlyForDeploymentPostprocessing = 0;
		};
/* End PBXResourcesBuildPhase section */

/* Begin PBXSourcesBuildPhase section */
		C50CCB1A1D0EA0AB002C87B7 /* Sources */ = {
			isa = PBXSourcesBuildPhase;
			buildActionMask = 2147483647;
			files = (
				C50CCB531D0EA0D3002C87B7 /* BarChart.m in Sources */,
				C50CCB591D0EA0D3002C87B7 /* DRScrollView.m in Sources */,
				C50CCB5D1D0EA0D3002C87B7 /* LegendView.m in Sources */,
				C50CCB551D0EA0D3002C87B7 /* CircularChart.m in Sources */,
				C50CCB5F1D0EA0D3002C87B7 /* LineGraphMarker.m in Sources */,
				C50CCB631D0EA0D3002C87B7 /* PieChart.m in Sources */,
				C50CCB5B1D0EA0D3002C87B7 /* HorizontalStackBarChart.m in Sources */,
				C50CCB611D0EA0D3002C87B7 /* MultiLineGraphView.m in Sources */,
			);
			runOnlyForDeploymentPostprocessing = 0;
		};
		C50CCB251D0EA0AB002C87B7 /* Sources */ = {
			isa = PBXSourcesBuildPhase;
			buildActionMask = 2147483647;
			files = (
				C50CCB2F1D0EA0AB002C87B7 /* drChartsTests.m in Sources */,
			);
			runOnlyForDeploymentPostprocessing = 0;
		};
/* End PBXSourcesBuildPhase section */

/* Begin PBXTargetDependency section */
		C50CCB2C1D0EA0AB002C87B7 /* PBXTargetDependency */ = {
			isa = PBXTargetDependency;
			target = C50CCB1E1D0EA0AB002C87B7 /* drCharts */;
			targetProxy = C50CCB2B1D0EA0AB002C87B7 /* PBXContainerItemProxy */;
		};
/* End PBXTargetDependency section */

/* Begin XCBuildConfiguration section */
		C50CCB311D0EA0AB002C87B7 /* Debug */ = {
			isa = XCBuildConfiguration;
			buildSettings = {
				ALWAYS_SEARCH_USER_PATHS = NO;
				CLANG_ANALYZER_NONNULL = YES;
				CLANG_CXX_LANGUAGE_STANDARD = "gnu++0x";
				CLANG_CXX_LIBRARY = "libc++";
				CLANG_ENABLE_MODULES = YES;
				CLANG_ENABLE_OBJC_ARC = YES;
				CLANG_WARN_BOOL_CONVERSION = YES;
				CLANG_WARN_CONSTANT_CONVERSION = YES;
				CLANG_WARN_DIRECT_OBJC_ISA_USAGE = YES_ERROR;
				CLANG_WARN_EMPTY_BODY = YES;
				CLANG_WARN_ENUM_CONVERSION = YES;
				CLANG_WARN_INT_CONVERSION = YES;
				CLANG_WARN_OBJC_ROOT_CLASS = YES_ERROR;
				CLANG_WARN_UNREACHABLE_CODE = YES;
				CLANG_WARN__DUPLICATE_METHOD_MATCH = YES;
				"CODE_SIGN_IDENTITY[sdk=iphoneos*]" = "iPhone Developer";
				COPY_PHASE_STRIP = NO;
				CURRENT_PROJECT_VERSION = 1;
				DEBUG_INFORMATION_FORMAT = dwarf;
				ENABLE_STRICT_OBJC_MSGSEND = YES;
				ENABLE_TESTABILITY = YES;
				GCC_C_LANGUAGE_STANDARD = gnu99;
				GCC_DYNAMIC_NO_PIC = NO;
				GCC_NO_COMMON_BLOCKS = YES;
				GCC_OPTIMIZATION_LEVEL = 0;
				GCC_PREPROCESSOR_DEFINITIONS = (
					"DEBUG=1",
					"$(inherited)",
				);
				GCC_WARN_64_TO_32_BIT_CONVERSION = YES;
				GCC_WARN_ABOUT_RETURN_TYPE = YES_ERROR;
				GCC_WARN_UNDECLARED_SELECTOR = YES;
				GCC_WARN_UNINITIALIZED_AUTOS = YES_AGGRESSIVE;
				GCC_WARN_UNUSED_FUNCTION = YES;
				GCC_WARN_UNUSED_VARIABLE = YES;
				IPHONEOS_DEPLOYMENT_TARGET = 9.3;
				MTL_ENABLE_DEBUG_INFO = YES;
				ONLY_ACTIVE_ARCH = YES;
				SDKROOT = iphoneos;
				TARGETED_DEVICE_FAMILY = "1,2";
				VERSIONING_SYSTEM = "apple-generic";
				VERSION_INFO_PREFIX = "";
			};
			name = Debug;
		};
		C50CCB321D0EA0AB002C87B7 /* Release */ = {
			isa = XCBuildConfiguration;
			buildSettings = {
				ALWAYS_SEARCH_USER_PATHS = NO;
				CLANG_ANALYZER_NONNULL = YES;
				CLANG_CXX_LANGUAGE_STANDARD = "gnu++0x";
				CLANG_CXX_LIBRARY = "libc++";
				CLANG_ENABLE_MODULES = YES;
				CLANG_ENABLE_OBJC_ARC = YES;
				CLANG_WARN_BOOL_CONVERSION = YES;
				CLANG_WARN_CONSTANT_CONVERSION = YES;
				CLANG_WARN_DIRECT_OBJC_ISA_USAGE = YES_ERROR;
				CLANG_WARN_EMPTY_BODY = YES;
				CLANG_WARN_ENUM_CONVERSION = YES;
				CLANG_WARN_INT_CONVERSION = YES;
				CLANG_WARN_OBJC_ROOT_CLASS = YES_ERROR;
				CLANG_WARN_UNREACHABLE_CODE = YES;
				CLANG_WARN__DUPLICATE_METHOD_MATCH = YES;
				"CODE_SIGN_IDENTITY[sdk=iphoneos*]" = "iPhone Developer";
				COPY_PHASE_STRIP = NO;
				CURRENT_PROJECT_VERSION = 1;
				DEBUG_INFORMATION_FORMAT = "dwarf-with-dsym";
				ENABLE_NS_ASSERTIONS = NO;
				ENABLE_STRICT_OBJC_MSGSEND = YES;
				GCC_C_LANGUAGE_STANDARD = gnu99;
				GCC_NO_COMMON_BLOCKS = YES;
				GCC_WARN_64_TO_32_BIT_CONVERSION = YES;
				GCC_WARN_ABOUT_RETURN_TYPE = YES_ERROR;
				GCC_WARN_UNDECLARED_SELECTOR = YES;
				GCC_WARN_UNINITIALIZED_AUTOS = YES_AGGRESSIVE;
				GCC_WARN_UNUSED_FUNCTION = YES;
				GCC_WARN_UNUSED_VARIABLE = YES;
				IPHONEOS_DEPLOYMENT_TARGET = 9.3;
				MTL_ENABLE_DEBUG_INFO = NO;
				SDKROOT = iphoneos;
				TARGETED_DEVICE_FAMILY = "1,2";
				VALIDATE_PRODUCT = YES;
				VERSIONING_SYSTEM = "apple-generic";
				VERSION_INFO_PREFIX = "";
			};
			name = Release;
		};
		C50CCB341D0EA0AB002C87B7 /* Debug */ = {
			isa = XCBuildConfiguration;
			buildSettings = {
				DEFINES_MODULE = YES;
				DYLIB_COMPATIBILITY_VERSION = 1;
				DYLIB_CURRENT_VERSION = 1;
				DYLIB_INSTALL_NAME_BASE = "@rpath";
				INFOPLIST_FILE = "dr-Charts/Info.plist";
				INSTALL_PATH = "$(LOCAL_LIBRARY_DIR)/Frameworks";
				LD_RUNPATH_SEARCH_PATHS = "$(inherited) @executable_path/Frameworks @loader_path/Frameworks";
				PRODUCT_BUNDLE_IDENTIFIER = "app.dr-Charts";
				PRODUCT_NAME = drCharts;
				SKIP_INSTALL = YES;
			};
			name = Debug;
		};
		C50CCB351D0EA0AB002C87B7 /* Release */ = {
			isa = XCBuildConfiguration;
			buildSettings = {
				DEFINES_MODULE = YES;
				DYLIB_COMPATIBILITY_VERSION = 1;
				DYLIB_CURRENT_VERSION = 1;
				DYLIB_INSTALL_NAME_BASE = "@rpath";
				INFOPLIST_FILE = "dr-Charts/Info.plist";
				INSTALL_PATH = "$(LOCAL_LIBRARY_DIR)/Frameworks";
				LD_RUNPATH_SEARCH_PATHS = "$(inherited) @executable_path/Frameworks @loader_path/Frameworks";
				PRODUCT_BUNDLE_IDENTIFIER = "app.dr-Charts";
				PRODUCT_NAME = drCharts;
				SKIP_INSTALL = YES;
			};
			name = Release;
		};
		C50CCB371D0EA0AB002C87B7 /* Debug */ = {
			isa = XCBuildConfiguration;
			buildSettings = {
				INFOPLIST_FILE = "dr-ChartsTests/Info.plist";
				LD_RUNPATH_SEARCH_PATHS = "$(inherited) @executable_path/Frameworks @loader_path/Frameworks";
				PRODUCT_BUNDLE_IDENTIFIER = "app.dr-ChartsTests";
				PRODUCT_NAME = drCharts;
			};
			name = Debug;
		};
		C50CCB381D0EA0AB002C87B7 /* Release */ = {
			isa = XCBuildConfiguration;
			buildSettings = {
				INFOPLIST_FILE = "dr-ChartsTests/Info.plist";
				LD_RUNPATH_SEARCH_PATHS = "$(inherited) @executable_path/Frameworks @loader_path/Frameworks";
				PRODUCT_BUNDLE_IDENTIFIER = "app.dr-ChartsTests";
				PRODUCT_NAME = drCharts;
			};
			name = Release;
		};
/* End XCBuildConfiguration section */

/* Begin XCConfigurationList section */
		C50CCB191D0EA0AB002C87B7 /* Build configuration list for PBXProject "drCharts" */ = {
			isa = XCConfigurationList;
			buildConfigurations = (
				C50CCB311D0EA0AB002C87B7 /* Debug */,
				C50CCB321D0EA0AB002C87B7 /* Release */,
			);
			defaultConfigurationIsVisible = 0;
			defaultConfigurationName = Release;
		};
		C50CCB331D0EA0AB002C87B7 /* Build configuration list for PBXNativeTarget "drCharts" */ = {
			isa = XCConfigurationList;
			buildConfigurations = (
				C50CCB341D0EA0AB002C87B7 /* Debug */,
				C50CCB351D0EA0AB002C87B7 /* Release */,
			);
			defaultConfigurationIsVisible = 0;
			defaultConfigurationName = Release;
		};
		C50CCB361D0EA0AB002C87B7 /* Build configuration list for PBXNativeTarget "drChartsTests" */ = {
			isa = XCConfigurationList;
			buildConfigurations = (
				C50CCB371D0EA0AB002C87B7 /* Debug */,
				C50CCB381D0EA0AB002C87B7 /* Release */,
			);
			defaultConfigurationIsVisible = 0;
			defaultConfigurationName = Release;
		};
/* End XCConfigurationList section */
	};
	rootObject = C50CCB161D0EA0AB002C87B7 /* Project object */;
}
