// !$*UTF8*$!
{
	archiveVersion = 1;
	classes = {
	};
	objectVersion = 46;
	objects = {

/* Begin PBXBuildFile section */
		C52D103C1CD1349B00D56B92 /* main.m in Sources */ = {isa = PBXBuildFile; fileRef = C52D103B1CD1349B00D56B92 /* main.m */; };
		C52D103F1CD1349B00D56B92 /* AppDelegate.m in Sources */ = {isa = PBXBuildFile; fileRef = C52D103E1CD1349B00D56B92 /* AppDelegate.m */; };
		C52D10421CD1349B00D56B92 /* ViewController.m in Sources */ = {isa = PBXBuildFile; fileRef = C52D10411CD1349B00D56B92 /* ViewController.m */; };
		C52D10471CD1349B00D56B92 /* Assets.xcassets in Resources */ = {isa = PBXBuildFile; fileRef = C52D10461CD1349B00D56B92 /* Assets.xcassets */; };
		C52D10551CD1349B00D56B92 /* dr_chartsTests.m in Sources */ = {isa = PBXBuildFile; fileRef = C52D10541CD1349B00D56B92 /* dr_chartsTests.m */; };
		C52D10601CD1349B00D56B92 /* dr_chartsUITests.m in Sources */ = {isa = PBXBuildFile; fileRef = C52D105F1CD1349B00D56B92 /* dr_chartsUITests.m */; };
		C534052F1CF1FA3C00FA6A1C /* BarChart.m in Sources */ = {isa = PBXBuildFile; fileRef = C534052D1CF1FA3C00FA6A1C /* BarChart.m */; };
		C53405321CF1FC4600FA6A1C /* CircularChart.m in Sources */ = {isa = PBXBuildFile; fileRef = C53405311CF1FC4600FA6A1C /* CircularChart.m */; };
		C54451581CEC9CE6006816AF /* DRScrollView.m in Sources */ = {isa = PBXBuildFile; fileRef = C54451571CEC9CE6006816AF /* DRScrollView.m */; };
		C5A3ECD31CDA2F5F004D4896 /* Launch Screen.storyboard in Resources */ = {isa = PBXBuildFile; fileRef = C5A3ECD21CDA2F5F004D4896 /* Launch Screen.storyboard */; };
		C5AED8571CD917410038F418 /* HorizontalStackBarChart.m in Sources */ = {isa = PBXBuildFile; fileRef = C5AED8491CD917410038F418 /* HorizontalStackBarChart.m */; };
		C5AED8581CD917410038F418 /* LegendView.m in Sources */ = {isa = PBXBuildFile; fileRef = C5AED84C1CD917410038F418 /* LegendView.m */; };
		C5AED8591CD917410038F418 /* LineGraphMarker.m in Sources */ = {isa = PBXBuildFile; fileRef = C5AED84F1CD917410038F418 /* LineGraphMarker.m */; };
		C5AED85A1CD917410038F418 /* MultiLineGraphView.m in Sources */ = {isa = PBXBuildFile; fileRef = C5AED8511CD917410038F418 /* MultiLineGraphView.m */; };
		C5AED85B1CD917410038F418 /* PieChart.m in Sources */ = {isa = PBXBuildFile; fileRef = C5AED8541CD917410038F418 /* PieChart.m */; };
		C5AED85C1CD917410038F418 /* PageViewController.m in Sources */ = {isa = PBXBuildFile; fileRef = C5AED8561CD917410038F418 /* PageViewController.m */; };
/* End PBXBuildFile section */

/* Begin PBXContainerItemProxy section */
		C52D10511CD1349B00D56B92 /* PBXContainerItemProxy */ = {
			isa = PBXContainerItemProxy;
			containerPortal = C52D102F1CD1349B00D56B92 /* Project object */;
			proxyType = 1;
			remoteGlobalIDString = C52D10361CD1349B00D56B92;
			remoteInfo = "dr-charts";
		};
		C52D105C1CD1349B00D56B92 /* PBXContainerItemProxy */ = {
			isa = PBXContainerItemProxy;
			containerPortal = C52D102F1CD1349B00D56B92 /* Project object */;
			proxyType = 1;
			remoteGlobalIDString = C52D10361CD1349B00D56B92;
			remoteInfo = "dr-charts";
		};
/* End PBXContainerItemProxy section */

/* Begin PBXFileReference section */
		C51315BE1CF317BC0080ED26 /* Constants.h */ = {isa = PBXFileReference; lastKnownFileType = sourcecode.c.h; path = Constants.h; sourceTree = "<group>"; };
		C51315C01CF318B40080ED26 /* DrGraphs.h */ = {isa = PBXFileReference; lastKnownFileType = sourcecode.c.h; path = DrGraphs.h; sourceTree = "<group>"; };
		C52D10371CD1349B00D56B92 /* dr-charts.app */ = {isa = PBXFileReference; explicitFileType = wrapper.application; includeInIndex = 0; path = "dr-charts.app"; sourceTree = BUILT_PRODUCTS_DIR; };
		C52D103B1CD1349B00D56B92 /* main.m */ = {isa = PBXFileReference; lastKnownFileType = sourcecode.c.objc; path = main.m; sourceTree = "<group>"; };
		C52D103D1CD1349B00D56B92 /* AppDelegate.h */ = {isa = PBXFileReference; lastKnownFileType = sourcecode.c.h; path = AppDelegate.h; sourceTree = "<group>"; };
		C52D103E1CD1349B00D56B92 /* AppDelegate.m */ = {isa = PBXFileReference; lastKnownFileType = sourcecode.c.objc; path = AppDelegate.m; sourceTree = "<group>"; };
		C52D10401CD1349B00D56B92 /* ViewController.h */ = {isa = PBXFileReference; lastKnownFileType = sourcecode.c.h; path = ViewController.h; sourceTree = "<group>"; };
		C52D10411CD1349B00D56B92 /* ViewController.m */ = {isa = PBXFileReference; lastKnownFileType = sourcecode.c.objc; path = ViewController.m; sourceTree = "<group>"; };
		C52D10461CD1349B00D56B92 /* Assets.xcassets */ = {isa = PBXFileReference; lastKnownFileType = folder.assetcatalog; path = Assets.xcassets; sourceTree = "<group>"; };
		C52D104B1CD1349B00D56B92 /* Info.plist */ = {isa = PBXFileReference; lastKnownFileType = text.plist.xml; path = Info.plist; sourceTree = "<group>"; };
		C52D10501CD1349B00D56B92 /* dr-chartsTests.xctest */ = {isa = PBXFileReference; explicitFileType = wrapper.cfbundle; includeInIndex = 0; path = "dr-chartsTests.xctest"; sourceTree = BUILT_PRODUCTS_DIR; };
		C52D10541CD1349B00D56B92 /* dr_chartsTests.m */ = {isa = PBXFileReference; lastKnownFileType = sourcecode.c.objc; path = dr_chartsTests.m; sourceTree = "<group>"; };
		C52D10561CD1349B00D56B92 /* Info.plist */ = {isa = PBXFileReference; lastKnownFileType = text.plist.xml; path = Info.plist; sourceTree = "<group>"; };
		C52D105B1CD1349B00D56B92 /* dr-chartsUITests.xctest */ = {isa = PBXFileReference; explicitFileType = wrapper.cfbundle; includeInIndex = 0; path = "dr-chartsUITests.xctest"; sourceTree = BUILT_PRODUCTS_DIR; };
		C52D105F1CD1349B00D56B92 /* dr_chartsUITests.m */ = {isa = PBXFileReference; lastKnownFileType = sourcecode.c.objc; path = dr_chartsUITests.m; sourceTree = "<group>"; };
		C52D10611CD1349B00D56B92 /* Info.plist */ = {isa = PBXFileReference; lastKnownFileType = text.plist.xml; path = Info.plist; sourceTree = "<group>"; };
		C534052C1CF1FA3C00FA6A1C /* BarChart.h */ = {isa = PBXFileReference; fileEncoding = 4; lastKnownFileType = sourcecode.c.h; path = BarChart.h; sourceTree = "<group>"; };
		C534052D1CF1FA3C00FA6A1C /* BarChart.m */ = {isa = PBXFileReference; fileEncoding = 4; lastKnownFileType = sourcecode.c.objc; path = BarChart.m; sourceTree = "<group>"; };
		C53405301CF1FC4600FA6A1C /* CircularChart.h */ = {isa = PBXFileReference; fileEncoding = 4; lastKnownFileType = sourcecode.c.h; path = CircularChart.h; sourceTree = "<group>"; };
		C53405311CF1FC4600FA6A1C /* CircularChart.m */ = {isa = PBXFileReference; fileEncoding = 4; lastKnownFileType = sourcecode.c.objc; path = CircularChart.m; sourceTree = "<group>"; };
		C54451561CEC9CE6006816AF /* DRScrollView.h */ = {isa = PBXFileReference; fileEncoding = 4; lastKnownFileType = sourcecode.c.h; path = DRScrollView.h; sourceTree = "<group>"; };
		C54451571CEC9CE6006816AF /* DRScrollView.m */ = {isa = PBXFileReference; fileEncoding = 4; lastKnownFileType = sourcecode.c.objc; path = DRScrollView.m; sourceTree = "<group>"; };
		C5A3ECD21CDA2F5F004D4896 /* Launch Screen.storyboard */ = {isa = PBXFileReference; fileEncoding = 4; lastKnownFileType = file.storyboard; path = "Launch Screen.storyboard"; sourceTree = "<group>"; };
		C5AED8481CD917410038F418 /* HorizontalStackBarChart.h */ = {isa = PBXFileReference; fileEncoding = 4; lastKnownFileType = sourcecode.c.h; path = HorizontalStackBarChart.h; sourceTree = "<group>"; };
		C5AED8491CD917410038F418 /* HorizontalStackBarChart.m */ = {isa = PBXFileReference; fileEncoding = 4; lastKnownFileType = sourcecode.c.objc; path = HorizontalStackBarChart.m; sourceTree = "<group>"; };
		C5AED84B1CD917410038F418 /* LegendView.h */ = {isa = PBXFileReference; fileEncoding = 4; lastKnownFileType = sourcecode.c.h; path = LegendView.h; sourceTree = "<group>"; };
		C5AED84C1CD917410038F418 /* LegendView.m */ = {isa = PBXFileReference; fileEncoding = 4; lastKnownFileType = sourcecode.c.objc; path = LegendView.m; sourceTree = "<group>"; };
		C5AED84E1CD917410038F418 /* LineGraphMarker.h */ = {isa = PBXFileReference; fileEncoding = 4; lastKnownFileType = sourcecode.c.h; path = LineGraphMarker.h; sourceTree = "<group>"; };
		C5AED84F1CD917410038F418 /* LineGraphMarker.m */ = {isa = PBXFileReference; fileEncoding = 4; lastKnownFileType = sourcecode.c.objc; path = LineGraphMarker.m; sourceTree = "<group>"; };
		C5AED8501CD917410038F418 /* MultiLineGraphView.h */ = {isa = PBXFileReference; fileEncoding = 4; lastKnownFileType = sourcecode.c.h; path = MultiLineGraphView.h; sourceTree = "<group>"; };
		C5AED8511CD917410038F418 /* MultiLineGraphView.m */ = {isa = PBXFileReference; fileEncoding = 4; lastKnownFileType = sourcecode.c.objc; path = MultiLineGraphView.m; sourceTree = "<group>"; };
		C5AED8531CD917410038F418 /* PieChart.h */ = {isa = PBXFileReference; fileEncoding = 4; lastKnownFileType = sourcecode.c.h; path = PieChart.h; sourceTree = "<group>"; };
		C5AED8541CD917410038F418 /* PieChart.m */ = {isa = PBXFileReference; fileEncoding = 4; lastKnownFileType = sourcecode.c.objc; path = PieChart.m; sourceTree = "<group>"; };
		C5AED8551CD917410038F418 /* PageViewController.h */ = {isa = PBXFileReference; fileEncoding = 4; lastKnownFileType = sourcecode.c.h; path = PageViewController.h; sourceTree = "<group>"; };
		C5AED8561CD917410038F418 /* PageViewController.m */ = {isa = PBXFileReference; fileEncoding = 4; lastKnownFileType = sourcecode.c.objc; path = PageViewController.m; sourceTree = "<group>"; };
/* End PBXFileReference section */

/* Begin PBXFrameworksBuildPhase section */
		C52D10341CD1349B00D56B92 /* Frameworks */ = {
			isa = PBXFrameworksBuildPhase;
			buildActionMask = 2147483647;
			files = (
			);
			runOnlyForDeploymentPostprocessing = 0;
		};
		C52D104D1CD1349B00D56B92 /* Frameworks */ = {
			isa = PBXFrameworksBuildPhase;
			buildActionMask = 2147483647;
			files = (
			);
			runOnlyForDeploymentPostprocessing = 0;
		};
		C52D10581CD1349B00D56B92 /* Frameworks */ = {
			isa = PBXFrameworksBuildPhase;
			buildActionMask = 2147483647;
			files = (
			);
			runOnlyForDeploymentPostprocessing = 0;
		};
/* End PBXFrameworksBuildPhase section */

/* Begin PBXGroup section */
		C52D102E1CD1349B00D56B92 = {
			isa = PBXGroup;
			children = (
				C52D10391CD1349B00D56B92 /* dr-charts */,
				C52D10531CD1349B00D56B92 /* dr-chartsTests */,
				C52D105E1CD1349B00D56B92 /* dr-chartsUITests */,
				C52D10381CD1349B00D56B92 /* Products */,
			);
			sourceTree = "<group>";
		};
		C52D10381CD1349B00D56B92 /* Products */ = {
			isa = PBXGroup;
			children = (
				C52D10371CD1349B00D56B92 /* dr-charts.app */,
				C52D10501CD1349B00D56B92 /* dr-chartsTests.xctest */,
				C52D105B1CD1349B00D56B92 /* dr-chartsUITests.xctest */,
			);
			name = Products;
			sourceTree = "<group>";
		};
		C52D10391CD1349B00D56B92 /* dr-charts */ = {
			isa = PBXGroup;
			children = (
				C5AED8461CD917410038F418 /* Classes */,
				C5AED8551CD917410038F418 /* PageViewController.h */,
				C5AED8561CD917410038F418 /* PageViewController.m */,
				C52D103D1CD1349B00D56B92 /* AppDelegate.h */,
				C52D103E1CD1349B00D56B92 /* AppDelegate.m */,
				C52D10401CD1349B00D56B92 /* ViewController.h */,
				C52D10411CD1349B00D56B92 /* ViewController.m */,
				C5A3ECD21CDA2F5F004D4896 /* Launch Screen.storyboard */,
				C52D10461CD1349B00D56B92 /* Assets.xcassets */,
				C52D104B1CD1349B00D56B92 /* Info.plist */,
				C52D103A1CD1349B00D56B92 /* Supporting Files */,
			);
			path = "dr-charts";
			sourceTree = "<group>";
		};
		C52D103A1CD1349B00D56B92 /* Supporting Files */ = {
			isa = PBXGroup;
			children = (
				C52D103B1CD1349B00D56B92 /* main.m */,
			);
			name = "Supporting Files";
			sourceTree = "<group>";
		};
		C52D10531CD1349B00D56B92 /* dr-chartsTests */ = {
			isa = PBXGroup;
			children = (
				C52D10541CD1349B00D56B92 /* dr_chartsTests.m */,
				C52D10561CD1349B00D56B92 /* Info.plist */,
			);
			path = "dr-chartsTests";
			sourceTree = "<group>";
		};
		C52D105E1CD1349B00D56B92 /* dr-chartsUITests */ = {
			isa = PBXGroup;
			children = (
				C52D105F1CD1349B00D56B92 /* dr_chartsUITests.m */,
				C52D10611CD1349B00D56B92 /* Info.plist */,
			);
			path = "dr-chartsUITests";
			sourceTree = "<group>";
		};
		C534052B1CF1FA3C00FA6A1C /* BarChart */ = {
			isa = PBXGroup;
			children = (
				C534052C1CF1FA3C00FA6A1C /* BarChart.h */,
				C534052D1CF1FA3C00FA6A1C /* BarChart.m */,
			);
			path = BarChart;
			sourceTree = "<group>";
		};
		C534052E1CF1FA3C00FA6A1C /* CircularChart */ = {
			isa = PBXGroup;
			children = (
				C53405301CF1FC4600FA6A1C /* CircularChart.h */,
				C53405311CF1FC4600FA6A1C /* CircularChart.m */,
			);
			path = CircularChart;
			sourceTree = "<group>";
		};
		C5AED8461CD917410038F418 /* Classes */ = {
			isa = PBXGroup;
			children = (
				C5AED84A1CD917410038F418 /* Legend */,
				C534052B1CF1FA3C00FA6A1C /* BarChart */,
				C534052E1CF1FA3C00FA6A1C /* CircularChart */,
				C5AED84D1CD917410038F418 /* LineChart */,
				C5AED8521CD917410038F418 /* PieChart */,
				C5AED8471CD917410038F418 /* HorizontalStackChart */,
				C54451561CEC9CE6006816AF /* DRScrollView.h */,
				C54451571CEC9CE6006816AF /* DRScrollView.m */,
				C51315BE1CF317BC0080ED26 /* Constants.h */,
				C51315C01CF318B40080ED26 /* DrGraphs.h */,
			);
			path = Classes;
			sourceTree = "<group>";
		};
		C5AED8471CD917410038F418 /* HorizontalStackChart */ = {
			isa = PBXGroup;
			children = (
				C5AED8481CD917410038F418 /* HorizontalStackBarChart.h */,
				C5AED8491CD917410038F418 /* HorizontalStackBarChart.m */,
			);
			path = HorizontalStackChart;
			sourceTree = "<group>";
		};
		C5AED84A1CD917410038F418 /* Legend */ = {
			isa = PBXGroup;
			children = (
				C5AED84B1CD917410038F418 /* LegendView.h */,
				C5AED84C1CD917410038F418 /* LegendView.m */,
			);
			path = Legend;
			sourceTree = "<group>";
		};
		C5AED84D1CD917410038F418 /* LineChart */ = {
			isa = PBXGroup;
			children = (
				C5AED84E1CD917410038F418 /* LineGraphMarker.h */,
				C5AED84F1CD917410038F418 /* LineGraphMarker.m */,
				C5AED8501CD917410038F418 /* MultiLineGraphView.h */,
				C5AED8511CD917410038F418 /* MultiLineGraphView.m */,
			);
			path = LineChart;
			sourceTree = "<group>";
		};
		C5AED8521CD917410038F418 /* PieChart */ = {
			isa = PBXGroup;
			children = (
				C5AED8531CD917410038F418 /* PieChart.h */,
				C5AED8541CD917410038F418 /* PieChart.m */,
			);
			path = PieChart;
			sourceTree = "<group>";
		};
/* End PBXGroup section */

/* Begin PBXNativeTarget section */
		C52D10361CD1349B00D56B92 /* dr-charts */ = {
			isa = PBXNativeTarget;
			buildConfigurationList = C52D10641CD1349B00D56B92 /* Build configuration list for PBXNativeTarget "dr-charts" */;
			buildPhases = (
				C52D10331CD1349B00D56B92 /* Sources */,
				C52D10341CD1349B00D56B92 /* Frameworks */,
				C52D10351CD1349B00D56B92 /* Resources */,
			);
			buildRules = (
			);
			dependencies = (
			);
			name = "dr-charts";
			productName = "dr-charts";
			productReference = C52D10371CD1349B00D56B92 /* dr-charts.app */;
			productType = "com.apple.product-type.application";
		};
		C52D104F1CD1349B00D56B92 /* dr-chartsTests */ = {
			isa = PBXNativeTarget;
			buildConfigurationList = C52D10671CD1349B00D56B92 /* Build configuration list for PBXNativeTarget "dr-chartsTests" */;
			buildPhases = (
				C52D104C1CD1349B00D56B92 /* Sources */,
				C52D104D1CD1349B00D56B92 /* Frameworks */,
				C52D104E1CD1349B00D56B92 /* Resources */,
			);
			buildRules = (
			);
			dependencies = (
				C52D10521CD1349B00D56B92 /* PBXTargetDependency */,
			);
			name = "dr-chartsTests";
			productName = "dr-chartsTests";
			productReference = C52D10501CD1349B00D56B92 /* dr-chartsTests.xctest */;
			productType = "com.apple.product-type.bundle.unit-test";
		};
		C52D105A1CD1349B00D56B92 /* dr-chartsUITests */ = {
			isa = PBXNativeTarget;
			buildConfigurationList = C52D106A1CD1349B00D56B92 /* Build configuration list for PBXNativeTarget "dr-chartsUITests" */;
			buildPhases = (
				C52D10571CD1349B00D56B92 /* Sources */,
				C52D10581CD1349B00D56B92 /* Frameworks */,
				C52D10591CD1349B00D56B92 /* Resources */,
			);
			buildRules = (
			);
			dependencies = (
				C52D105D1CD1349B00D56B92 /* PBXTargetDependency */,
			);
			name = "dr-chartsUITests";
			productName = "dr-chartsUITests";
			productReference = C52D105B1CD1349B00D56B92 /* dr-chartsUITests.xctest */;
			productType = "com.apple.product-type.bundle.ui-testing";
		};
/* End PBXNativeTarget section */

/* Begin PBXProject section */
		C52D102F1CD1349B00D56B92 /* Project object */ = {
			isa = PBXProject;
			attributes = {
				LastUpgradeCheck = 0730;
				ORGANIZATIONNAME = Product;
				TargetAttributes = {
					C52D10361CD1349B00D56B92 = {
						CreatedOnToolsVersion = 7.3;
					};
					C52D104F1CD1349B00D56B92 = {
						CreatedOnToolsVersion = 7.3;
						TestTargetID = C52D10361CD1349B00D56B92;
					};
					C52D105A1CD1349B00D56B92 = {
						CreatedOnToolsVersion = 7.3;
						TestTargetID = C52D10361CD1349B00D56B92;
					};
				};
			};
			buildConfigurationList = C52D10321CD1349B00D56B92 /* Build configuration list for PBXProject "dr-charts" */;
			compatibilityVersion = "Xcode 3.2";
			developmentRegion = English;
			hasScannedForEncodings = 0;
			knownRegions = (
				en,
				Base,
			);
			mainGroup = C52D102E1CD1349B00D56B92;
			productRefGroup = C52D10381CD1349B00D56B92 /* Products */;
			projectDirPath = "";
			projectRoot = "";
			targets = (
				C52D10361CD1349B00D56B92 /* dr-charts */,
				C52D104F1CD1349B00D56B92 /* dr-chartsTests */,
				C52D105A1CD1349B00D56B92 /* dr-chartsUITests */,
			);
		};
/* End PBXProject section */

/* Begin PBXResourcesBuildPhase section */
		C52D10351CD1349B00D56B92 /* Resources */ = {
			isa = PBXResourcesBuildPhase;
			buildActionMask = 2147483647;
			files = (
				C5A3ECD31CDA2F5F004D4896 /* Launch Screen.storyboard in Resources */,
				C52D10471CD1349B00D56B92 /* Assets.xcassets in Resources */,
			);
			runOnlyForDeploymentPostprocessing = 0;
		};
		C52D104E1CD1349B00D56B92 /* Resources */ = {
			isa = PBXResourcesBuildPhase;
			buildActionMask = 2147483647;
			files = (
			);
			runOnlyForDeploymentPostprocessing = 0;
		};
		C52D10591CD1349B00D56B92 /* Resources */ = {
			isa = PBXResourcesBuildPhase;
			buildActionMask = 2147483647;
			files = (
			);
			runOnlyForDeploymentPostprocessing = 0;
		};
/* End PBXResourcesBuildPhase section */

/* Begin PBXSourcesBuildPhase section */
		C52D10331CD1349B00D56B92 /* Sources */ = {
			isa = PBXSourcesBuildPhase;
			buildActionMask = 2147483647;
			files = (
				C52D10421CD1349B00D56B92 /* ViewController.m in Sources */,
				C52D103F1CD1349B00D56B92 /* AppDelegate.m in Sources */,
				C5AED85C1CD917410038F418 /* PageViewController.m in Sources */,
				C54451581CEC9CE6006816AF /* DRScrollView.m in Sources */,
				C5AED8581CD917410038F418 /* LegendView.m in Sources */,
				C52D103C1CD1349B00D56B92 /* main.m in Sources */,
				C5AED8591CD917410038F418 /* LineGraphMarker.m in Sources */,
				C534052F1CF1FA3C00FA6A1C /* BarChart.m in Sources */,
				C5AED85B1CD917410038F418 /* PieChart.m in Sources */,
				C53405321CF1FC4600FA6A1C /* CircularChart.m in Sources */,
				C5AED8571CD917410038F418 /* HorizontalStackBarChart.m in Sources */,
				C5AED85A1CD917410038F418 /* MultiLineGraphView.m in Sources */,
			);
			runOnlyForDeploymentPostprocessing = 0;
		};
		C52D104C1CD1349B00D56B92 /* Sources */ = {
			isa = PBXSourcesBuildPhase;
			buildActionMask = 2147483647;
			files = (
				C52D10551CD1349B00D56B92 /* dr_chartsTests.m in Sources */,
			);
			runOnlyForDeploymentPostprocessing = 0;
		};
		C52D10571CD1349B00D56B92 /* Sources */ = {
			isa = PBXSourcesBuildPhase;
			buildActionMask = 2147483647;
			files = (
				C52D10601CD1349B00D56B92 /* dr_chartsUITests.m in Sources */,
			);
			runOnlyForDeploymentPostprocessing = 0;
		};
/* End PBXSourcesBuildPhase section */

/* Begin PBXTargetDependency section */
		C52D10521CD1349B00D56B92 /* PBXTargetDependency */ = {
			isa = PBXTargetDependency;
			target = C52D10361CD1349B00D56B92 /* dr-charts */;
			targetProxy = C52D10511CD1349B00D56B92 /* PBXContainerItemProxy */;
		};
		C52D105D1CD1349B00D56B92 /* PBXTargetDependency */ = {
			isa = PBXTargetDependency;
			target = C52D10361CD1349B00D56B92 /* dr-charts */;
			targetProxy = C52D105C1CD1349B00D56B92 /* PBXContainerItemProxy */;
		};
/* End PBXTargetDependency section */

/* Begin XCBuildConfiguration section */
		C52D10621CD1349B00D56B92 /* Debug */ = {
			isa = XCBuildConfiguration;
			buildSettings = {
				ALWAYS_SEARCH_USER_PATHS = NO;
				CLANG_ANALYZER_NONNULL = YES;
				CLANG_CXX_LANGUAGE_STANDARD = "gnu++0x";
				CLANG_CXX_LIBRARY = "libc++";
				CLANG_ENABLE_MODULES = YES;
				CLANG_ENABLE_OBJC_ARC = YES;
				CLANG_WARN_BOOL_CONVERSION = YES;
				CLANG_WARN_CONSTANT_CONVERSION = YES;
				CLANG_WARN_DIRECT_OBJC_ISA_USAGE = YES_ERROR;
				CLANG_WARN_EMPTY_BODY = YES;
				CLANG_WARN_ENUM_CONVERSION = YES;
				CLANG_WARN_INT_CONVERSION = YES;
				CLANG_WARN_OBJC_ROOT_CLASS = YES_ERROR;
				CLANG_WARN_UNREACHABLE_CODE = YES;
				CLANG_WARN__DUPLICATE_METHOD_MATCH = YES;
				"CODE_SIGN_IDENTITY[sdk=iphoneos*]" = "iPhone Developer";
				COPY_PHASE_STRIP = NO;
				DEBUG_INFORMATION_FORMAT = dwarf;
				ENABLE_STRICT_OBJC_MSGSEND = YES;
				ENABLE_TESTABILITY = YES;
				GCC_C_LANGUAGE_STANDARD = gnu99;
				GCC_DYNAMIC_NO_PIC = NO;
				GCC_NO_COMMON_BLOCKS = YES;
				GCC_OPTIMIZATION_LEVEL = 0;
				GCC_PREPROCESSOR_DEFINITIONS = (
					"DEBUG=1",
					"$(inherited)",
				);
				GCC_WARN_64_TO_32_BIT_CONVERSION = YES;
				GCC_WARN_ABOUT_RETURN_TYPE = YES_ERROR;
				GCC_WARN_UNDECLARED_SELECTOR = YES;
				GCC_WARN_UNINITIALIZED_AUTOS = YES_AGGRESSIVE;
				GCC_WARN_UNUSED_FUNCTION = YES;
				GCC_WARN_UNUSED_VARIABLE = YES;
				IPHONEOS_DEPLOYMENT_TARGET = 9.3;
				MTL_ENABLE_DEBUG_INFO = YES;
				ONLY_ACTIVE_ARCH = YES;
				SDKROOT = iphoneos;
				TARGETED_DEVICE_FAMILY = "1,2";
			};
			name = Debug;
		};
		C52D10631CD1349B00D56B92 /* Release */ = {
			isa = XCBuildConfiguration;
			buildSettings = {
				ALWAYS_SEARCH_USER_PATHS = NO;
				CLANG_ANALYZER_NONNULL = YES;
				CLANG_CXX_LANGUAGE_STANDARD = "gnu++0x";
				CLANG_CXX_LIBRARY = "libc++";
				CLANG_ENABLE_MODULES = YES;
				CLANG_ENABLE_OBJC_ARC = YES;
				CLANG_WARN_BOOL_CONVERSION = YES;
				CLANG_WARN_CONSTANT_CONVERSION = YES;
				CLANG_WARN_DIRECT_OBJC_ISA_USAGE = YES_ERROR;
				CLANG_WARN_EMPTY_BODY = YES;
				CLANG_WARN_ENUM_CONVERSION = YES;
				CLANG_WARN_INT_CONVERSION = YES;
				CLANG_WARN_OBJC_ROOT_CLASS = YES_ERROR;
				CLANG_WARN_UNREACHABLE_CODE = YES;
				CLANG_WARN__DUPLICATE_METHOD_MATCH = YES;
				"CODE_SIGN_IDENTITY[sdk=iphoneos*]" = "iPhone Developer";
				COPY_PHASE_STRIP = NO;
				DEBUG_INFORMATION_FORMAT = "dwarf-with-dsym";
				ENABLE_NS_ASSERTIONS = NO;
				ENABLE_STRICT_OBJC_MSGSEND = YES;
				GCC_C_LANGUAGE_STANDARD = gnu99;
				GCC_NO_COMMON_BLOCKS = YES;
				GCC_WARN_64_TO_32_BIT_CONVERSION = YES;
				GCC_WARN_ABOUT_RETURN_TYPE = YES_ERROR;
				GCC_WARN_UNDECLARED_SELECTOR = YES;
				GCC_WARN_UNINITIALIZED_AUTOS = YES_AGGRESSIVE;
				GCC_WARN_UNUSED_FUNCTION = YES;
				GCC_WARN_UNUSED_VARIABLE = YES;
				IPHONEOS_DEPLOYMENT_TARGET = 9.3;
				MTL_ENABLE_DEBUG_INFO = NO;
				SDKROOT = iphoneos;
				TARGETED_DEVICE_FAMILY = "1,2";
				VALIDATE_PRODUCT = YES;
			};
			name = Release;
		};
		C52D10651CD1349B00D56B92 /* Debug */ = {
			isa = XCBuildConfiguration;
			buildSettings = {
				ASSETCATALOG_COMPILER_APPICON_NAME = AppIcon;
				ASSETCATALOG_COMPILER_LAUNCHIMAGE_NAME = LaunchImage;
				INFOPLIST_FILE = "dr-charts/Info.plist";
				IPHONEOS_DEPLOYMENT_TARGET = 7.0;
				LD_RUNPATH_SEARCH_PATHS = "$(inherited) @executable_path/Frameworks";
				PRODUCT_BUNDLE_IDENTIFIER = "app.dr-charts";
				PRODUCT_NAME = "$(TARGET_NAME)";
			};
			name = Debug;
		};
		C52D10661CD1349B00D56B92 /* Release */ = {
			isa = XCBuildConfiguration;
			buildSettings = {
				ASSETCATALOG_COMPILER_APPICON_NAME = AppIcon;
				ASSETCATALOG_COMPILER_LAUNCHIMAGE_NAME = LaunchImage;
				INFOPLIST_FILE = "dr-charts/Info.plist";
				IPHONEOS_DEPLOYMENT_TARGET = 7.0;
				LD_RUNPATH_SEARCH_PATHS = "$(inherited) @executable_path/Frameworks";
				PRODUCT_BUNDLE_IDENTIFIER = "app.dr-charts";
				PRODUCT_NAME = "$(TARGET_NAME)";
			};
			name = Release;
		};
		C52D10681CD1349B00D56B92 /* Debug */ = {
			isa = XCBuildConfiguration;
			buildSettings = {
				BUNDLE_LOADER = "$(TEST_HOST)";
				INFOPLIST_FILE = "dr-chartsTests/Info.plist";
				LD_RUNPATH_SEARCH_PATHS = "$(inherited) @executable_path/Frameworks @loader_path/Frameworks";
				PRODUCT_BUNDLE_IDENTIFIER = "app.dr-chartsTests";
				PRODUCT_NAME = "$(TARGET_NAME)";
				TEST_HOST = "$(BUILT_PRODUCTS_DIR)/dr-charts.app/dr-charts";
			};
			name = Debug;
		};
		C52D10691CD1349B00D56B92 /* Release */ = {
			isa = XCBuildConfiguration;
			buildSettings = {
				BUNDLE_LOADER = "$(TEST_HOST)";
				INFOPLIST_FILE = "dr-chartsTests/Info.plist";
				LD_RUNPATH_SEARCH_PATHS = "$(inherited) @executable_path/Frameworks @loader_path/Frameworks";
				PRODUCT_BUNDLE_IDENTIFIER = "app.dr-chartsTests";
				PRODUCT_NAME = "$(TARGET_NAME)";
				TEST_HOST = "$(BUILT_PRODUCTS_DIR)/dr-charts.app/dr-charts";
			};
			name = Release;
		};
		C52D106B1CD1349B00D56B92 /* Debug */ = {
			isa = XCBuildConfiguration;
			buildSettings = {
				INFOPLIST_FILE = "dr-chartsUITests/Info.plist";
				LD_RUNPATH_SEARCH_PATHS = "$(inherited) @executable_path/Frameworks @loader_path/Frameworks";
				PRODUCT_BUNDLE_IDENTIFIER = "app.dr-chartsUITests";
				PRODUCT_NAME = "$(TARGET_NAME)";
				TEST_TARGET_NAME = "dr-charts";
			};
			name = Debug;
		};
		C52D106C1CD1349B00D56B92 /* Release */ = {
			isa = XCBuildConfiguration;
			buildSettings = {
				INFOPLIST_FILE = "dr-chartsUITests/Info.plist";
				LD_RUNPATH_SEARCH_PATHS = "$(inherited) @executable_path/Frameworks @loader_path/Frameworks";
				PRODUCT_BUNDLE_IDENTIFIER = "app.dr-chartsUITests";
				PRODUCT_NAME = "$(TARGET_NAME)";
				TEST_TARGET_NAME = "dr-charts";
			};
			name = Release;
		};
/* End XCBuildConfiguration section */

/* Begin XCConfigurationList section */
		C52D10321CD1349B00D56B92 /* Build configuration list for PBXProject "dr-charts" */ = {
			isa = XCConfigurationList;
			buildConfigurations = (
				C52D10621CD1349B00D56B92 /* Debug */,
				C52D10631CD1349B00D56B92 /* Release */,
			);
			defaultConfigurationIsVisible = 0;
			defaultConfigurationName = Release;
		};
		C52D10641CD1349B00D56B92 /* Build configuration list for PBXNativeTarget "dr-charts" */ = {
			isa = XCConfigurationList;
			buildConfigurations = (
				C52D10651CD1349B00D56B92 /* Debug */,
				C52D10661CD1349B00D56B92 /* Release */,
			);
			defaultConfigurationIsVisible = 0;
			defaultConfigurationName = Release;
		};
		C52D10671CD1349B00D56B92 /* Build configuration list for PBXNativeTarget "dr-chartsTests" */ = {
			isa = XCConfigurationList;
			buildConfigurations = (
				C52D10681CD1349B00D56B92 /* Debug */,
				C52D10691CD1349B00D56B92 /* Release */,
			);
			defaultConfigurationIsVisible = 0;
			defaultConfigurationName = Release;
		};
		C52D106A1CD1349B00D56B92 /* Build configuration list for PBXNativeTarget "dr-chartsUITests" */ = {
			isa = XCConfigurationList;
			buildConfigurations = (
				C52D106B1CD1349B00D56B92 /* Debug */,
				C52D106C1CD1349B00D56B92 /* Release */,
			);
			defaultConfigurationIsVisible = 0;
			defaultConfigurationName = Release;
		};
/* End XCConfigurationList section */
	};
	rootObject = C52D102F1CD1349B00D56B92 /* Project object */;
}
